
Microsoft Visual Studio Solution File, Format Version 12.00
# Visual Studio 2012
Project("{FAE04EC0-301F-11D3-BF4B-00C04F79EFBC}") = "MvcRouteFlow", "MvcRouteFlow\MvcRouteFlow.csproj", "{7BB5DC36-C4F9-4C68-93E6-B75011561436}"
EndProject
Project("{FAE04EC0-301F-11D3-BF4B-00C04F79EFBC}") = "MvcRouteFlow.Web", "MvcRouteFlow.Web\MvcRouteFlow.Web.csproj", "{DD91B623-0BD0-41BE-8EBC-55B7D60B357D}"
EndProject
Project("{FAE04EC0-301F-11D3-BF4B-00C04F79EFBC}") = "MvcRouteFlow.Web.Tests", "MvcRouteFlow.Web.Tests\MvcRouteFlow.Web.Tests.csproj", "{DC09973A-64A4-4B1D-8F77-3138ACF5B62A}"
EndProject
Project("{FAE04EC0-301F-11D3-BF4B-00C04F79EFBC}") = "MvcRouteFlow.Tests", "MvcRouteFlow.Tests\MvcRouteFlow.Tests.csproj", "{C052E407-7E4C-4F28-B5EC-DBBE68DC893F}"
EndProject
Project("{2150E333-8FDC-42A3-9474-1A3956D46DE8}") = "Docs", "Docs", "{EAFB7118-C659-46A6-8BE2-E6AD3C92E36E}"
	ProjectSection(SolutionItems) = preProject
		.gitignore = .gitignore
	EndProjectSection
EndProject
Project("{2150E333-8FDC-42A3-9474-1A3956D46DE8}") = ".nuget", ".nuget", "{2EA153CD-2477-457C-8AD5-7FBD29001A5D}"
	ProjectSection(SolutionItems) = preProject
		.nuget\NuGet.Config = .nuget\NuGet.Config
		.nuget\NuGet.exe = .nuget\NuGet.exe
		.nuget\NuGet.targets = .nuget\NuGet.targets
	EndProjectSection
EndProject
Global
	GlobalSection(SolutionConfigurationPlatforms) = preSolution
		Debug|Any CPU = Debug|Any CPU
		Release|Any CPU = Release|Any CPU
	EndGlobalSection
	GlobalSection(ProjectConfigurationPlatforms) = postSolution
		{7BB5DC36-C4F9-4C68-93E6-B75011561436}.Debug|Any CPU.ActiveCfg = Debug|Any CPU
		{7BB5DC36-C4F9-4C68-93E6-B75011561436}.Debug|Any CPU.Build.0 = Debug|Any CPU
		{7BB5DC36-C4F9-4C68-93E6-B75011561436}.Release|Any CPU.ActiveCfg = Release|Any CPU
		{7BB5DC36-C4F9-4C68-93E6-B75011561436}.Release|Any CPU.Build.0 = Release|Any CPU
		{DD91B623-0BD0-41BE-8EBC-55B7D60B357D}.Debug|Any CPU.ActiveCfg = Debug|Any CPU
		{DD91B623-0BD0-41BE-8EBC-55B7D60B357D}.Debug|Any CPU.Build.0 = Debug|Any CPU
		{DD91B623-0BD0-41BE-8EBC-55B7D60B357D}.Release|Any CPU.ActiveCfg = Release|Any CPU
		{DD91B623-0BD0-41BE-8EBC-55B7D60B357D}.Release|Any CPU.Build.0 = Release|Any CPU
		{DC09973A-64A4-4B1D-8F77-3138ACF5B62A}.Debug|Any CPU.ActiveCfg = Debug|Any CPU
		{DC09973A-64A4-4B1D-8F77-3138ACF5B62A}.Debug|Any CPU.Build.0 = Debug|Any CPU
		{DC09973A-64A4-4B1D-8F77-3138ACF5B62A}.Release|Any CPU.ActiveCfg = Release|Any CPU
		{DC09973A-64A4-4B1D-8F77-3138ACF5B62A}.Release|Any CPU.Build.0 = Release|Any CPU
		{C052E407-7E4C-4F28-B5EC-DBBE68DC893F}.Debug|Any CPU.ActiveCfg = Debug|Any CPU
		{C052E407-7E4C-4F28-B5EC-DBBE68DC893F}.Debug|Any CPU.Build.0 = Debug|Any CPU
		{C052E407-7E4C-4F28-B5EC-DBBE68DC893F}.Release|Any CPU.ActiveCfg = Release|Any CPU
		{C052E407-7E4C-4F28-B5EC-DBBE68DC893F}.Release|Any CPU.Build.0 = Release|Any CPU
	EndGlobalSection
	GlobalSection(SolutionProperties) = preSolution
		HideSolutionNode = FALSE
	EndGlobalSection
EndGlobal
